// !$*UTF8*$!
{
	archiveVersion = 1;
	classes = {
	};
	objectVersion = 55;
	objects = {

/* Begin PBXBuildFile section */
		1B5D3274288E5DD20009E7FC /* RxCocoa in Frameworks */ = {isa = PBXBuildFile; productRef = 1B5D3273288E5DD20009E7FC /* RxCocoa */; };
		1B5D3276288E5DD20009E7FC /* RxSwift in Frameworks */ = {isa = PBXBuildFile; productRef = 1B5D3275288E5DD20009E7FC /* RxSwift */; };
		1B5D3279288E5DE50009E7FC /* SnapKit in Frameworks */ = {isa = PBXBuildFile; productRef = 1B5D3278288E5DE50009E7FC /* SnapKit */; };
		1B5D327C288E5E070009E7FC /* Kingfisher in Frameworks */ = {isa = PBXBuildFile; productRef = 1B5D327B288E5E070009E7FC /* Kingfisher */; };
		1B5D3284288E5F500009E7FC /* Alamofire in Frameworks */ = {isa = PBXBuildFile; productRef = 1B5D3283288E5F500009E7FC /* Alamofire */; };
		1B5D3287288E5F7E0009E7FC /* RxAlamofire in Frameworks */ = {isa = PBXBuildFile; productRef = 1B5D3286288E5F7E0009E7FC /* RxAlamofire */; };
		1B5D328A288E621A0009E7FC /* ViewModelType.swift in Sources */ = {isa = PBXBuildFile; fileRef = 1B5D3289288E621A0009E7FC /* ViewModelType.swift */; };
		1B5D328D288E62B20009E7FC /* Reusable.swift in Sources */ = {isa = PBXBuildFile; fileRef = 1B5D328C288E62B20009E7FC /* Reusable.swift */; };
		1B5D3290288E62E60009E7FC /* UIImageView+Extension.swift in Sources */ = {isa = PBXBuildFile; fileRef = 1B5D328F288E62E60009E7FC /* UIImageView+Extension.swift */; };
		1B5D3292288E631B0009E7FC /* UITableViewCell+Extension.swift in Sources */ = {isa = PBXBuildFile; fileRef = 1B5D3291288E631B0009E7FC /* UITableViewCell+Extension.swift */; };
		1B5D3298288E74020009E7FC /* Config.swift in Sources */ = {isa = PBXBuildFile; fileRef = 1B5D3297288E74020009E7FC /* Config.swift */; };
		1B5D329A288E795B0009E7FC /* Appearance.swift in Sources */ = {isa = PBXBuildFile; fileRef = 1B5D3299288E795B0009E7FC /* Appearance.swift */; };
		1B5D329C288E7A2C0009E7FC /* Coordiantor.swift in Sources */ = {isa = PBXBuildFile; fileRef = 1B5D329B288E7A2C0009E7FC /* Coordiantor.swift */; };
		1B5D329E288E7A500009E7FC /* AppCoordinator.swift in Sources */ = {isa = PBXBuildFile; fileRef = 1B5D329D288E7A500009E7FC /* AppCoordinator.swift */; };
		1B5D32A0288E7B4E0009E7FC /* SearchViewController.swift in Sources */ = {isa = PBXBuildFile; fileRef = 1B5D329F288E7B4E0009E7FC /* SearchViewController.swift */; };
		1B5D32A2288E7C520009E7FC /* MainCoordinator.swift in Sources */ = {isa = PBXBuildFile; fileRef = 1B5D32A1288E7C520009E7FC /* MainCoordinator.swift */; };
		1B5D32A4288E8C530009E7FC /* SearchView.swift in Sources */ = {isa = PBXBuildFile; fileRef = 1B5D32A3288E8C530009E7FC /* SearchView.swift */; };
		1B5D32A6288E8C680009E7FC /* BaseUIView.swift in Sources */ = {isa = PBXBuildFile; fileRef = 1B5D32A5288E8C680009E7FC /* BaseUIView.swift */; };
		1B5D32A8288E8C8D0009E7FC /* BaseViewController.swift in Sources */ = {isa = PBXBuildFile; fileRef = 1B5D32A7288E8C8D0009E7FC /* BaseViewController.swift */; };
		1B5D32AA288E8CB40009E7FC /* UIViewController+Extension.swift in Sources */ = {isa = PBXBuildFile; fileRef = 1B5D32A9288E8CB40009E7FC /* UIViewController+Extension.swift */; };
		1B5D32AE288E8D2D0009E7FC /* JGProgressHUD in Frameworks */ = {isa = PBXBuildFile; productRef = 1B5D32AD288E8D2D0009E7FC /* JGProgressHUD */; };
		1B5D32B0288E8D650009E7FC /* ImageEnum.swift in Sources */ = {isa = PBXBuildFile; fileRef = 1B5D32AF288E8D650009E7FC /* ImageEnum.swift */; };
		1B5D32B2288E8F320009E7FC /* SearchViewModel.swift in Sources */ = {isa = PBXBuildFile; fileRef = 1B5D32B1288E8F320009E7FC /* SearchViewModel.swift */; };
		1B5D32B4288EAD430009E7FC /* Model.swift in Sources */ = {isa = PBXBuildFile; fileRef = 1B5D32B3288EAD430009E7FC /* Model.swift */; };
		1B5D32B6288F51730009E7FC /* SearchTableViewCell.swift in Sources */ = {isa = PBXBuildFile; fileRef = 1B5D32B5288F51730009E7FC /* SearchTableViewCell.swift */; };
		1BB44E76288E5CE20096FA4A /* AppDelegate.swift in Sources */ = {isa = PBXBuildFile; fileRef = 1BB44E75288E5CE20096FA4A /* AppDelegate.swift */; };
		1BB44E78288E5CE20096FA4A /* SceneDelegate.swift in Sources */ = {isa = PBXBuildFile; fileRef = 1BB44E77288E5CE20096FA4A /* SceneDelegate.swift */; };
		1BB44E7F288E5CE50096FA4A /* Assets.xcassets in Resources */ = {isa = PBXBuildFile; fileRef = 1BB44E7E288E5CE50096FA4A /* Assets.xcassets */; };
		1BB44E82288E5CE50096FA4A /* LaunchScreen.storyboard in Resources */ = {isa = PBXBuildFile; fileRef = 1BB44E80288E5CE50096FA4A /* LaunchScreen.storyboard */; };
/* End PBXBuildFile section */

/* Begin PBXFileReference section */
		1B5D3289288E621A0009E7FC /* ViewModelType.swift */ = {isa = PBXFileReference; lastKnownFileType = sourcecode.swift; path = ViewModelType.swift; sourceTree = "<group>"; };
		1B5D328C288E62B20009E7FC /* Reusable.swift */ = {isa = PBXFileReference; lastKnownFileType = sourcecode.swift; path = Reusable.swift; sourceTree = "<group>"; };
		1B5D328F288E62E60009E7FC /* UIImageView+Extension.swift */ = {isa = PBXFileReference; lastKnownFileType = sourcecode.swift; path = "UIImageView+Extension.swift"; sourceTree = "<group>"; };
		1B5D3291288E631B0009E7FC /* UITableViewCell+Extension.swift */ = {isa = PBXFileReference; lastKnownFileType = sourcecode.swift; path = "UITableViewCell+Extension.swift"; sourceTree = "<group>"; };
		1B5D3295288E73330009E7FC /* apiConfig.xcconfig */ = {isa = PBXFileReference; lastKnownFileType = text.xcconfig; path = apiConfig.xcconfig; sourceTree = "<group>"; };
		1B5D3297288E74020009E7FC /* Config.swift */ = {isa = PBXFileReference; lastKnownFileType = sourcecode.swift; path = Config.swift; sourceTree = "<group>"; };
		1B5D3299288E795B0009E7FC /* Appearance.swift */ = {isa = PBXFileReference; lastKnownFileType = sourcecode.swift; path = Appearance.swift; sourceTree = "<group>"; };
		1B5D329B288E7A2C0009E7FC /* Coordiantor.swift */ = {isa = PBXFileReference; lastKnownFileType = sourcecode.swift; path = Coordiantor.swift; sourceTree = "<group>"; };
		1B5D329D288E7A500009E7FC /* AppCoordinator.swift */ = {isa = PBXFileReference; lastKnownFileType = sourcecode.swift; path = AppCoordinator.swift; sourceTree = "<group>"; };
		1B5D329F288E7B4E0009E7FC /* SearchViewController.swift */ = {isa = PBXFileReference; lastKnownFileType = sourcecode.swift; path = SearchViewController.swift; sourceTree = "<group>"; };
		1B5D32A1288E7C520009E7FC /* MainCoordinator.swift */ = {isa = PBXFileReference; lastKnownFileType = sourcecode.swift; path = MainCoordinator.swift; sourceTree = "<group>"; };
		1B5D32A3288E8C530009E7FC /* SearchView.swift */ = {isa = PBXFileReference; lastKnownFileType = sourcecode.swift; path = SearchView.swift; sourceTree = "<group>"; };
		1B5D32A5288E8C680009E7FC /* BaseUIView.swift */ = {isa = PBXFileReference; lastKnownFileType = sourcecode.swift; path = BaseUIView.swift; sourceTree = "<group>"; };
		1B5D32A7288E8C8D0009E7FC /* BaseViewController.swift */ = {isa = PBXFileReference; lastKnownFileType = sourcecode.swift; path = BaseViewController.swift; sourceTree = "<group>"; };
		1B5D32A9288E8CB40009E7FC /* UIViewController+Extension.swift */ = {isa = PBXFileReference; lastKnownFileType = sourcecode.swift; path = "UIViewController+Extension.swift"; sourceTree = "<group>"; };
		1B5D32AF288E8D650009E7FC /* ImageEnum.swift */ = {isa = PBXFileReference; lastKnownFileType = sourcecode.swift; path = ImageEnum.swift; sourceTree = "<group>"; };
		1B5D32B1288E8F320009E7FC /* SearchViewModel.swift */ = {isa = PBXFileReference; lastKnownFileType = sourcecode.swift; path = SearchViewModel.swift; sourceTree = "<group>"; };
		1B5D32B3288EAD430009E7FC /* Model.swift */ = {isa = PBXFileReference; lastKnownFileType = sourcecode.swift; path = Model.swift; sourceTree = "<group>"; };
		1B5D32B5288F51730009E7FC /* SearchTableViewCell.swift */ = {isa = PBXFileReference; lastKnownFileType = sourcecode.swift; path = SearchTableViewCell.swift; sourceTree = "<group>"; };
		1BB44E72288E5CE20096FA4A /* MyNewExampleTest.app */ = {isa = PBXFileReference; explicitFileType = wrapper.application; includeInIndex = 0; path = MyNewExampleTest.app; sourceTree = BUILT_PRODUCTS_DIR; };
		1BB44E75288E5CE20096FA4A /* AppDelegate.swift */ = {isa = PBXFileReference; lastKnownFileType = sourcecode.swift; path = AppDelegate.swift; sourceTree = "<group>"; };
		1BB44E77288E5CE20096FA4A /* SceneDelegate.swift */ = {isa = PBXFileReference; lastKnownFileType = sourcecode.swift; path = SceneDelegate.swift; sourceTree = "<group>"; };
		1BB44E7E288E5CE50096FA4A /* Assets.xcassets */ = {isa = PBXFileReference; lastKnownFileType = folder.assetcatalog; path = Assets.xcassets; sourceTree = "<group>"; };
		1BB44E81288E5CE50096FA4A /* Base */ = {isa = PBXFileReference; lastKnownFileType = file.storyboard; name = Base; path = Base.lproj/LaunchScreen.storyboard; sourceTree = "<group>"; };
		1BB44E83288E5CE50096FA4A /* Info.plist */ = {isa = PBXFileReference; lastKnownFileType = text.plist.xml; path = Info.plist; sourceTree = "<group>"; };
/* End PBXFileReference section */

/* Begin PBXFrameworksBuildPhase section */
		1BB44E6F288E5CE20096FA4A /* Frameworks */ = {
			isa = PBXFrameworksBuildPhase;
			buildActionMask = 2147483647;
			files = (
				1B5D3284288E5F500009E7FC /* Alamofire in Frameworks */,
				1B5D32AE288E8D2D0009E7FC /* JGProgressHUD in Frameworks */,
				1B5D327C288E5E070009E7FC /* Kingfisher in Frameworks */,
				1B5D3279288E5DE50009E7FC /* SnapKit in Frameworks */,
				1B5D3287288E5F7E0009E7FC /* RxAlamofire in Frameworks */,
				1B5D3276288E5DD20009E7FC /* RxSwift in Frameworks */,
				1B5D3274288E5DD20009E7FC /* RxCocoa in Frameworks */,
			);
			runOnlyForDeploymentPostprocessing = 0;
		};
/* End PBXFrameworksBuildPhase section */

/* Begin PBXGroup section */
		1B5D328B288E62A10009E7FC /* Protocol */ = {
			isa = PBXGroup;
			children = (
				1B5D3289288E621A0009E7FC /* ViewModelType.swift */,
				1B5D328C288E62B20009E7FC /* Reusable.swift */,
				1B5D329B288E7A2C0009E7FC /* Coordiantor.swift */,
			);
			path = Protocol;
			sourceTree = "<group>";
		};
		1B5D328E288E62D10009E7FC /* Extensions */ = {
			isa = PBXGroup;
			children = (
				1B5D328F288E62E60009E7FC /* UIImageView+Extension.swift */,
				1B5D3291288E631B0009E7FC /* UITableViewCell+Extension.swift */,
				1B5D32A9288E8CB40009E7FC /* UIViewController+Extension.swift */,
			);
			path = Extensions;
			sourceTree = "<group>";
		};
		1B5D32AB288E8CCF0009E7FC /* Base */ = {
			isa = PBXGroup;
			children = (
				1B5D32A5288E8C680009E7FC /* BaseUIView.swift */,
				1B5D32A7288E8C8D0009E7FC /* BaseViewController.swift */,
			);
			path = Base;
			sourceTree = "<group>";
		};
		1BB44E69288E5CE20096FA4A = {
			isa = PBXGroup;
			children = (
				1BB44E74288E5CE20096FA4A /* MyNewExampleTest */,
				1BB44E73288E5CE20096FA4A /* Products */,
			);
			sourceTree = "<group>";
		};
		1BB44E73288E5CE20096FA4A /* Products */ = {
			isa = PBXGroup;
			children = (
				1BB44E72288E5CE20096FA4A /* MyNewExampleTest.app */,
			);
			name = Products;
			sourceTree = "<group>";
		};
		1BB44E74288E5CE20096FA4A /* MyNewExampleTest */ = {
			isa = PBXGroup;
			children = (
				1BB44E75288E5CE20096FA4A /* AppDelegate.swift */,
				1BB44E77288E5CE20096FA4A /* SceneDelegate.swift */,
				1B5D3297288E74020009E7FC /* Config.swift */,
				1B5D32B3288EAD430009E7FC /* Model.swift */,
				1B5D329F288E7B4E0009E7FC /* SearchViewController.swift */,
				1B5D32A3288E8C530009E7FC /* SearchView.swift */,
				1B5D32B1288E8F320009E7FC /* SearchViewModel.swift */,
				1B5D32B5288F51730009E7FC /* SearchTableViewCell.swift */,
				1B5D32AF288E8D650009E7FC /* ImageEnum.swift */,
				1B5D32AB288E8CCF0009E7FC /* Base */,
				1B5D329D288E7A500009E7FC /* AppCoordinator.swift */,
				1B5D32A1288E7C520009E7FC /* MainCoordinator.swift */,
				1B5D328B288E62A10009E7FC /* Protocol */,
				1B5D328E288E62D10009E7FC /* Extensions */,
				1BB44E7E288E5CE50096FA4A /* Assets.xcassets */,
				1BB44E80288E5CE50096FA4A /* LaunchScreen.storyboard */,
				1BB44E83288E5CE50096FA4A /* Info.plist */,
				1B5D3295288E73330009E7FC /* apiConfig.xcconfig */,
				1B5D3299288E795B0009E7FC /* Appearance.swift */,
			);
			path = MyNewExampleTest;
			sourceTree = "<group>";
		};
/* End PBXGroup section */

/* Begin PBXNativeTarget section */
		1BB44E71288E5CE20096FA4A /* MyNewExampleTest */ = {
			isa = PBXNativeTarget;
			buildConfigurationList = 1BB44E86288E5CE50096FA4A /* Build configuration list for PBXNativeTarget "MyNewExampleTest" */;
			buildPhases = (
				1BB44E6E288E5CE20096FA4A /* Sources */,
				1BB44E6F288E5CE20096FA4A /* Frameworks */,
				1BB44E70288E5CE20096FA4A /* Resources */,
			);
			buildRules = (
			);
			dependencies = (
			);
			name = MyNewExampleTest;
			packageProductDependencies = (
				1B5D3273288E5DD20009E7FC /* RxCocoa */,
				1B5D3275288E5DD20009E7FC /* RxSwift */,
				1B5D3278288E5DE50009E7FC /* SnapKit */,
				1B5D327B288E5E070009E7FC /* Kingfisher */,
				1B5D3283288E5F500009E7FC /* Alamofire */,
				1B5D3286288E5F7E0009E7FC /* RxAlamofire */,
				1B5D32AD288E8D2D0009E7FC /* JGProgressHUD */,
			);
			productName = MyNewExampleTest;
			productReference = 1BB44E72288E5CE20096FA4A /* MyNewExampleTest.app */;
			productType = "com.apple.product-type.application";
		};
/* End PBXNativeTarget section */

/* Begin PBXProject section */
		1BB44E6A288E5CE20096FA4A /* Project object */ = {
			isa = PBXProject;
			attributes = {
				BuildIndependentTargetsInParallel = 1;
				LastSwiftUpdateCheck = 1330;
				LastUpgradeCheck = 1330;
				TargetAttributes = {
					1BB44E71288E5CE20096FA4A = {
						CreatedOnToolsVersion = 13.3.1;
					};
				};
			};
			buildConfigurationList = 1BB44E6D288E5CE20096FA4A /* Build configuration list for PBXProject "MyNewExampleTest" */;
			compatibilityVersion = "Xcode 13.0";
			developmentRegion = en;
			hasScannedForEncodings = 0;
			knownRegions = (
				en,
				Base,
			);
			mainGroup = 1BB44E69288E5CE20096FA4A;
			packageReferences = (
				1B5D3272288E5DD20009E7FC /* XCRemoteSwiftPackageReference "RxSwift" */,
				1B5D3277288E5DE50009E7FC /* XCRemoteSwiftPackageReference "SnapKit" */,
				1B5D327A288E5E070009E7FC /* XCRemoteSwiftPackageReference "Kingfisher" */,
				1B5D3282288E5F500009E7FC /* XCRemoteSwiftPackageReference "Alamofire" */,
				1B5D3285288E5F7E0009E7FC /* XCRemoteSwiftPackageReference "RxAlamofire" */,
				1B5D32AC288E8D2D0009E7FC /* XCRemoteSwiftPackageReference "JGProgressHUD" */,
			);
			productRefGroup = 1BB44E73288E5CE20096FA4A /* Products */;
			projectDirPath = "";
			projectRoot = "";
			targets = (
				1BB44E71288E5CE20096FA4A /* MyNewExampleTest */,
			);
		};
/* End PBXProject section */

/* Begin PBXResourcesBuildPhase section */
		1BB44E70288E5CE20096FA4A /* Resources */ = {
			isa = PBXResourcesBuildPhase;
			buildActionMask = 2147483647;
			files = (
				1BB44E82288E5CE50096FA4A /* LaunchScreen.storyboard in Resources */,
				1BB44E7F288E5CE50096FA4A /* Assets.xcassets in Resources */,
			);
			runOnlyForDeploymentPostprocessing = 0;
		};
/* End PBXResourcesBuildPhase section */

/* Begin PBXSourcesBuildPhase section */
		1BB44E6E288E5CE20096FA4A /* Sources */ = {
			isa = PBXSourcesBuildPhase;
			buildActionMask = 2147483647;
			files = (
				1B5D32AA288E8CB40009E7FC /* UIViewController+Extension.swift in Sources */,
				1B5D329E288E7A500009E7FC /* AppCoordinator.swift in Sources */,
				1B5D32A2288E7C520009E7FC /* MainCoordinator.swift in Sources */,
				1B5D32A0288E7B4E0009E7FC /* SearchViewController.swift in Sources */,
				1B5D3290288E62E60009E7FC /* UIImageView+Extension.swift in Sources */,
				1B5D329A288E795B0009E7FC /* Appearance.swift in Sources */,
				1B5D32B2288E8F320009E7FC /* SearchViewModel.swift in Sources */,
				1B5D32A8288E8C8D0009E7FC /* BaseViewController.swift in Sources */,
				1B5D329C288E7A2C0009E7FC /* Coordiantor.swift in Sources */,
				1B5D32B6288F51730009E7FC /* SearchTableViewCell.swift in Sources */,
				1B5D328A288E621A0009E7FC /* ViewModelType.swift in Sources */,
				1B5D3292288E631B0009E7FC /* UITableViewCell+Extension.swift in Sources */,
				1B5D32A4288E8C530009E7FC /* SearchView.swift in Sources */,
				1B5D32A6288E8C680009E7FC /* BaseUIView.swift in Sources */,
				1BB44E76288E5CE20096FA4A /* AppDelegate.swift in Sources */,
				1B5D3298288E74020009E7FC /* Config.swift in Sources */,
				1BB44E78288E5CE20096FA4A /* SceneDelegate.swift in Sources */,
				1B5D32B4288EAD430009E7FC /* Model.swift in Sources */,
				1B5D32B0288E8D650009E7FC /* ImageEnum.swift in Sources */,
				1B5D328D288E62B20009E7FC /* Reusable.swift in Sources */,
			);
			runOnlyForDeploymentPostprocessing = 0;
		};
/* End PBXSourcesBuildPhase section */

/* Begin PBXVariantGroup section */
		1BB44E80288E5CE50096FA4A /* LaunchScreen.storyboard */ = {
			isa = PBXVariantGroup;
			children = (
				1BB44E81288E5CE50096FA4A /* Base */,
			);
			name = LaunchScreen.storyboard;
			sourceTree = "<group>";
		};
/* End PBXVariantGroup section */

/* Begin XCBuildConfiguration section */
		1BB44E84288E5CE50096FA4A /* Debug */ = {
			isa = XCBuildConfiguration;
			buildSettings = {
				ALWAYS_SEARCH_USER_PATHS = NO;
				CLANG_ANALYZER_NONNULL = YES;
				CLANG_ANALYZER_NUMBER_OBJECT_CONVERSION = YES_AGGRESSIVE;
				CLANG_CXX_LANGUAGE_STANDARD = "gnu++17";
				CLANG_ENABLE_MODULES = YES;
				CLANG_ENABLE_OBJC_ARC = YES;
				CLANG_ENABLE_OBJC_WEAK = YES;
				CLANG_WARN_BLOCK_CAPTURE_AUTORELEASING = YES;
				CLANG_WARN_BOOL_CONVERSION = YES;
				CLANG_WARN_COMMA = YES;
				CLANG_WARN_CONSTANT_CONVERSION = YES;
				CLANG_WARN_DEPRECATED_OBJC_IMPLEMENTATIONS = YES;
				CLANG_WARN_DIRECT_OBJC_ISA_USAGE = YES_ERROR;
				CLANG_WARN_DOCUMENTATION_COMMENTS = YES;
				CLANG_WARN_EMPTY_BODY = YES;
				CLANG_WARN_ENUM_CONVERSION = YES;
				CLANG_WARN_INFINITE_RECURSION = YES;
				CLANG_WARN_INT_CONVERSION = YES;
				CLANG_WARN_NON_LITERAL_NULL_CONVERSION = YES;
				CLANG_WARN_OBJC_IMPLICIT_RETAIN_SELF = YES;
				CLANG_WARN_OBJC_LITERAL_CONVERSION = YES;
				CLANG_WARN_OBJC_ROOT_CLASS = YES_ERROR;
				CLANG_WARN_QUOTED_INCLUDE_IN_FRAMEWORK_HEADER = YES;
				CLANG_WARN_RANGE_LOOP_ANALYSIS = YES;
				CLANG_WARN_STRICT_PROTOTYPES = YES;
				CLANG_WARN_SUSPICIOUS_MOVE = YES;
				CLANG_WARN_UNGUARDED_AVAILABILITY = YES_AGGRESSIVE;
				CLANG_WARN_UNREACHABLE_CODE = YES;
				CLANG_WARN__DUPLICATE_METHOD_MATCH = YES;
				COPY_PHASE_STRIP = NO;
				DEBUG_INFORMATION_FORMAT = dwarf;
				ENABLE_STRICT_OBJC_MSGSEND = YES;
				ENABLE_TESTABILITY = YES;
				GCC_C_LANGUAGE_STANDARD = gnu11;
				GCC_DYNAMIC_NO_PIC = NO;
				GCC_NO_COMMON_BLOCKS = YES;
				GCC_OPTIMIZATION_LEVEL = 0;
				GCC_PREPROCESSOR_DEFINITIONS = (
					"DEBUG=1",
					"$(inherited)",
				);
				GCC_WARN_64_TO_32_BIT_CONVERSION = YES;
				GCC_WARN_ABOUT_RETURN_TYPE = YES_ERROR;
				GCC_WARN_UNDECLARED_SELECTOR = YES;
				GCC_WARN_UNINITIALIZED_AUTOS = YES_AGGRESSIVE;
				GCC_WARN_UNUSED_FUNCTION = YES;
				GCC_WARN_UNUSED_VARIABLE = YES;
				IPHONEOS_DEPLOYMENT_TARGET = 15.4;
				MTL_ENABLE_DEBUG_INFO = INCLUDE_SOURCE;
				MTL_FAST_MATH = YES;
				ONLY_ACTIVE_ARCH = YES;
				SDKROOT = iphoneos;
				SWIFT_ACTIVE_COMPILATION_CONDITIONS = DEBUG;
				SWIFT_OPTIMIZATION_LEVEL = "-Onone";
			};
			name = Debug;
		};
		1BB44E85288E5CE50096FA4A /* Release */ = {
			isa = XCBuildConfiguration;
			buildSettings = {
				ALWAYS_SEARCH_USER_PATHS = NO;
				CLANG_ANALYZER_NONNULL = YES;
				CLANG_ANALYZER_NUMBER_OBJECT_CONVERSION = YES_AGGRESSIVE;
				CLANG_CXX_LANGUAGE_STANDARD = "gnu++17";
				CLANG_ENABLE_MODULES = YES;
				CLANG_ENABLE_OBJC_ARC = YES;
				CLANG_ENABLE_OBJC_WEAK = YES;
				CLANG_WARN_BLOCK_CAPTURE_AUTORELEASING = YES;
				CLANG_WARN_BOOL_CONVERSION = YES;
				CLANG_WARN_COMMA = YES;
				CLANG_WARN_CONSTANT_CONVERSION = YES;
				CLANG_WARN_DEPRECATED_OBJC_IMPLEMENTATIONS = YES;
				CLANG_WARN_DIRECT_OBJC_ISA_USAGE = YES_ERROR;
				CLANG_WARN_DOCUMENTATION_COMMENTS = YES;
				CLANG_WARN_EMPTY_BODY = YES;
				CLANG_WARN_ENUM_CONVERSION = YES;
				CLANG_WARN_INFINITE_RECURSION = YES;
				CLANG_WARN_INT_CONVERSION = YES;
				CLANG_WARN_NON_LITERAL_NULL_CONVERSION = YES;
				CLANG_WARN_OBJC_IMPLICIT_RETAIN_SELF = YES;
				CLANG_WARN_OBJC_LITERAL_CONVERSION = YES;
				CLANG_WARN_OBJC_ROOT_CLASS = YES_ERROR;
				CLANG_WARN_QUOTED_INCLUDE_IN_FRAMEWORK_HEADER = YES;
				CLANG_WARN_RANGE_LOOP_ANALYSIS = YES;
				CLANG_WARN_STRICT_PROTOTYPES = YES;
				CLANG_WARN_SUSPICIOUS_MOVE = YES;
				CLANG_WARN_UNGUARDED_AVAILABILITY = YES_AGGRESSIVE;
				CLANG_WARN_UNREACHABLE_CODE = YES;
				CLANG_WARN__DUPLICATE_METHOD_MATCH = YES;
				COPY_PHASE_STRIP = NO;
				DEBUG_INFORMATION_FORMAT = "dwarf-with-dsym";
				ENABLE_NS_ASSERTIONS = NO;
				ENABLE_STRICT_OBJC_MSGSEND = YES;
				GCC_C_LANGUAGE_STANDARD = gnu11;
				GCC_NO_COMMON_BLOCKS = YES;
				GCC_WARN_64_TO_32_BIT_CONVERSION = YES;
				GCC_WARN_ABOUT_RETURN_TYPE = YES_ERROR;
				GCC_WARN_UNDECLARED_SELECTOR = YES;
				GCC_WARN_UNINITIALIZED_AUTOS = YES_AGGRESSIVE;
				GCC_WARN_UNUSED_FUNCTION = YES;
				GCC_WARN_UNUSED_VARIABLE = YES;
				IPHONEOS_DEPLOYMENT_TARGET = 15.4;
				MTL_ENABLE_DEBUG_INFO = NO;
				MTL_FAST_MATH = YES;
				SDKROOT = iphoneos;
				SWIFT_COMPILATION_MODE = wholemodule;
				SWIFT_OPTIMIZATION_LEVEL = "-O";
				VALIDATE_PRODUCT = YES;
			};
			name = Release;
		};
		1BB44E87288E5CE50096FA4A /* Debug */ = {
			isa = XCBuildConfiguration;
			baseConfigurationReference = 1B5D3295288E73330009E7FC /* apiConfig.xcconfig */;
			buildSettings = {
				ASSETCATALOG_COMPILER_APPICON_NAME = AppIcon;
				ASSETCATALOG_COMPILER_GLOBAL_ACCENT_COLOR_NAME = AccentColor;
				CODE_SIGN_STYLE = Automatic;
				CURRENT_PROJECT_VERSION = 1;
				GENERATE_INFOPLIST_FILE = YES;
				INFOPLIST_FILE = MyNewExampleTest/Info.plist;
				INFOPLIST_KEY_UIApplicationSupportsIndirectInputEvents = YES;
				INFOPLIST_KEY_UILaunchStoryboardName = LaunchScreen;
				INFOPLIST_KEY_UISupportedInterfaceOrientations_iPad = "UIInterfaceOrientationPortrait UIInterfaceOrientationPortraitUpsideDown UIInterfaceOrientationLandscapeLeft UIInterfaceOrientationLandscapeRight";
				INFOPLIST_KEY_UISupportedInterfaceOrientations_iPhone = "UIInterfaceOrientationPortrait UIInterfaceOrientationLandscapeLeft UIInterfaceOrientationLandscapeRight";
				LD_RUNPATH_SEARCH_PATHS = (
					"$(inherited)",
					"@executable_path/Frameworks",
				);
				MARKETING_VERSION = 1.0;
				PRODUCT_BUNDLE_IDENTIFIER = com.bro.MyNewExampleTest;
				PRODUCT_NAME = "$(TARGET_NAME)";
				SWIFT_EMIT_LOC_STRINGS = YES;
				SWIFT_VERSION = 5.0;
				TARGETED_DEVICE_FAMILY = "1,2";
			};
			name = Debug;
		};
		1BB44E88288E5CE50096FA4A /* Release */ = {
			isa = XCBuildConfiguration;
			baseConfigurationReference = 1B5D3295288E73330009E7FC /* apiConfig.xcconfig */;
			buildSettings = {
				ASSETCATALOG_COMPILER_APPICON_NAME = AppIcon;
				ASSETCATALOG_COMPILER_GLOBAL_ACCENT_COLOR_NAME = AccentColor;
				CODE_SIGN_STYLE = Automatic;
				CURRENT_PROJECT_VERSION = 1;
				GENERATE_INFOPLIST_FILE = YES;
				INFOPLIST_FILE = MyNewExampleTest/Info.plist;
				INFOPLIST_KEY_UIApplicationSupportsIndirectInputEvents = YES;
				INFOPLIST_KEY_UILaunchStoryboardName = LaunchScreen;
				INFOPLIST_KEY_UISupportedInterfaceOrientations_iPad = "UIInterfaceOrientationPortrait UIInterfaceOrientationPortraitUpsideDown UIInterfaceOrientationLandscapeLeft UIInterfaceOrientationLandscapeRight";
				INFOPLIST_KEY_UISupportedInterfaceOrientations_iPhone = "UIInterfaceOrientationPortrait UIInterfaceOrientationLandscapeLeft UIInterfaceOrientationLandscapeRight";
				LD_RUNPATH_SEARCH_PATHS = (
					"$(inherited)",
					"@executable_path/Frameworks",
				);
				MARKETING_VERSION = 1.0;
				PRODUCT_BUNDLE_IDENTIFIER = com.bro.MyNewExampleTest;
				PRODUCT_NAME = "$(TARGET_NAME)";
				SWIFT_EMIT_LOC_STRINGS = YES;
				SWIFT_VERSION = 5.0;
				TARGETED_DEVICE_FAMILY = "1,2";
			};
			name = Release;
		};
/* End XCBuildConfiguration section */

/* Begin XCConfigurationList section */
		1BB44E6D288E5CE20096FA4A /* Build configuration list for PBXProject "MyNewExampleTest" */ = {
			isa = XCConfigurationList;
			buildConfigurations = (
				1BB44E84288E5CE50096FA4A /* Debug */,
				1BB44E85288E5CE50096FA4A /* Release */,
			);
			defaultConfigurationIsVisible = 0;
			defaultConfigurationName = Release;
		};
		1BB44E86288E5CE50096FA4A /* Build configuration list for PBXNativeTarget "MyNewExampleTest" */ = {
			isa = XCConfigurationList;
			buildConfigurations = (
				1BB44E87288E5CE50096FA4A /* Debug */,
				1BB44E88288E5CE50096FA4A /* Release */,
			);
			defaultConfigurationIsVisible = 0;
			defaultConfigurationName = Release;
		};
/* End XCConfigurationList section */

/* Begin XCRemoteSwiftPackageReference section */
		1B5D3272288E5DD20009E7FC /* XCRemoteSwiftPackageReference "RxSwift" */ = {
			isa = XCRemoteSwiftPackageReference;
			repositoryURL = "https://github.com/ReactiveX/RxSwift.git";
			requirement = {
				kind = upToNextMajorVersion;
				minimumVersion = 6.0.0;
			};
		};
		1B5D3277288E5DE50009E7FC /* XCRemoteSwiftPackageReference "SnapKit" */ = {
			isa = XCRemoteSwiftPackageReference;
			repositoryURL = "https://github.com/SnapKit/SnapKit.git";
			requirement = {
				kind = upToNextMajorVersion;
				minimumVersion = 5.0.0;
			};
		};
		1B5D327A288E5E070009E7FC /* XCRemoteSwiftPackageReference "Kingfisher" */ = {
			isa = XCRemoteSwiftPackageReference;
			repositoryURL = "https://github.com/onevcat/Kingfisher.git";
			requirement = {
				kind = upToNextMajorVersion;
				minimumVersion = 7.0.0;
			};
		};
		1B5D3282288E5F500009E7FC /* XCRemoteSwiftPackageReference "Alamofire" */ = {
			isa = XCRemoteSwiftPackageReference;
			repositoryURL = "https://github.com/Alamofire/Alamofire.git";
			requirement = {
				kind = upToNextMajorVersion;
				minimumVersion = 5.0.0;
			};
		};
		1B5D3285288E5F7E0009E7FC /* XCRemoteSwiftPackageReference "RxAlamofire" */ = {
			isa = XCRemoteSwiftPackageReference;
			repositoryURL = "https://github.com/RxSwiftCommunity/RxAlamofire.git";
			requirement = {
				kind = exactVersion;
				version = 6.1.2;
			};
		};
		1B5D32AC288E8D2D0009E7FC /* XCRemoteSwiftPackageReference "JGProgressHUD" */ = {
			isa = XCRemoteSwiftPackageReference;
			repositoryURL = "https://github.com/JonasGessner/JGProgressHUD.git";
			requirement = {
				kind = upToNextMajorVersion;
				minimumVersion = 2.0.0;
			};
		};
/* End XCRemoteSwiftPackageReference section */

/* Begin XCSwiftPackageProductDependency section */
		1B5D3273288E5DD20009E7FC /* RxCocoa */ = {
			isa = XCSwiftPackageProductDependency;
			package = 1B5D3272288E5DD20009E7FC /* XCRemoteSwiftPackageReference "RxSwift" */;
			productName = RxCocoa;
		};
		1B5D3275288E5DD20009E7FC /* RxSwift */ = {
			isa = XCSwiftPackageProductDependency;
			package = 1B5D3272288E5DD20009E7FC /* XCRemoteSwiftPackageReference "RxSwift" */;
			productName = RxSwift;
		};
		1B5D3278288E5DE50009E7FC /* SnapKit */ = {
			isa = XCSwiftPackageProductDependency;
			package = 1B5D3277288E5DE50009E7FC /* XCRemoteSwiftPackageReference "SnapKit" */;
			productName = SnapKit;
		};
		1B5D327B288E5E070009E7FC /* Kingfisher */ = {
			isa = XCSwiftPackageProductDependency;
			package = 1B5D327A288E5E070009E7FC /* XCRemoteSwiftPackageReference "Kingfisher" */;
			productName = Kingfisher;
		};
		1B5D3283288E5F500009E7FC /* Alamofire */ = {
			isa = XCSwiftPackageProductDependency;
			package = 1B5D3282288E5F500009E7FC /* XCRemoteSwiftPackageReference "Alamofire" */;
			productName = Alamofire;
		};
		1B5D3286288E5F7E0009E7FC /* RxAlamofire */ = {
			isa = XCSwiftPackageProductDependency;
			package = 1B5D3285288E5F7E0009E7FC /* XCRemoteSwiftPackageReference "RxAlamofire" */;
			productName = RxAlamofire;
		};
		1B5D32AD288E8D2D0009E7FC /* JGProgressHUD */ = {
			isa = XCSwiftPackageProductDependency;
			package = 1B5D32AC288E8D2D0009E7FC /* XCRemoteSwiftPackageReference "JGProgressHUD" */;
			productName = JGProgressHUD;
		};
/* End XCSwiftPackageProductDependency section */
	};
	rootObject = 1BB44E6A288E5CE20096FA4A /* Project object */;
}
